<?xml version="1.0" encoding="utf-8"?>
<Project ToolsVersion="17.0" xmlns="http://schemas.microsoft.com/developer/msbuild/2003">
  <ItemGroup>
    <ClCompile Include="C:\Users\vladislav-b\Desktop\MPI-main\MPI-main\QXlsx_autogen\mocs_compilation_Debug.cpp">
      <Filter>Source Files</Filter>
    </ClCompile>
    <ClCompile Include="C:\Users\vladislav-b\Desktop\MPI-main\MPI-main\source\xlsxcellrange.cpp">
      <Filter>Source Files</Filter>
    </ClCompile>
    <ClCompile Include="C:\Users\vladislav-b\Desktop\MPI-main\MPI-main\source\xlsxcontenttypes.cpp">
      <Filter>Source Files</Filter>
    </ClCompile>
    <ClCompile Include="C:\Users\vladislav-b\Desktop\MPI-main\MPI-main\source\xlsxdrawinganchor.cpp">
      <Filter>Source Files</Filter>
    </ClCompile>
    <ClCompile Include="C:\Users\vladislav-b\Desktop\MPI-main\MPI-main\source\xlsxrichstring.cpp">
      <Filter>Source Files</Filter>
    </ClCompile>
    <ClCompile Include="C:\Users\vladislav-b\Desktop\MPI-main\MPI-main\source\xlsxworkbook.cpp">
      <Filter>Source Files</Filter>
    </ClCompile>
    <ClCompile Include="C:\Users\vladislav-b\Desktop\MPI-main\MPI-main\source\xlsxabstractooxmlfile.cpp">
      <Filter>Source Files</Filter>
    </ClCompile>
    <ClCompile Include="C:\Users\vladislav-b\Desktop\MPI-main\MPI-main\source\xlsxcellreference.cpp">
      <Filter>Source Files</Filter>
    </ClCompile>
    <ClCompile Include="C:\Users\vladislav-b\Desktop\MPI-main\MPI-main\source\xlsxdatavalidation.cpp">
      <Filter>Source Files</Filter>
    </ClCompile>
    <ClCompile Include="C:\Users\vladislav-b\Desktop\MPI-main\MPI-main\source\xlsxdrawing.cpp">
      <Filter>Source Files</Filter>
    </ClCompile>
    <ClCompile Include="C:\Users\vladislav-b\Desktop\MPI-main\MPI-main\source\xlsxsharedstrings.cpp">
      <Filter>Source Files</Filter>
    </ClCompile>
    <ClCompile Include="C:\Users\vladislav-b\Desktop\MPI-main\MPI-main\source\xlsxworksheet.cpp">
      <Filter>Source Files</Filter>
    </ClCompile>
    <ClCompile Include="C:\Users\vladislav-b\Desktop\MPI-main\MPI-main\source\xlsxabstractsheet.cpp">
      <Filter>Source Files</Filter>
    </ClCompile>
    <ClCompile Include="C:\Users\vladislav-b\Desktop\MPI-main\MPI-main\source\xlsxchart.cpp">
      <Filter>Source Files</Filter>
    </ClCompile>
    <ClCompile Include="C:\Users\vladislav-b\Desktop\MPI-main\MPI-main\source\xlsxdatetype.cpp">
      <Filter>Source Files</Filter>
    </ClCompile>
    <ClCompile Include="C:\Users\vladislav-b\Desktop\MPI-main\MPI-main\source\xlsxformat.cpp">
      <Filter>Source Files</Filter>
    </ClCompile>
    <ClCompile Include="C:\Users\vladislav-b\Desktop\MPI-main\MPI-main\source\xlsxsimpleooxmlfile.cpp">
      <Filter>Source Files</Filter>
    </ClCompile>
    <ClCompile Include="C:\Users\vladislav-b\Desktop\MPI-main\MPI-main\source\xlsxzipreader.cpp">
      <Filter>Source Files</Filter>
    </ClCompile>
    <ClCompile Include="C:\Users\vladislav-b\Desktop\MPI-main\MPI-main\source\xlsxcell.cpp">
      <Filter>Source Files</Filter>
    </ClCompile>
    <ClCompile Include="C:\Users\vladislav-b\Desktop\MPI-main\MPI-main\source\xlsxchartsheet.cpp">
      <Filter>Source Files</Filter>
    </ClCompile>
    <ClCompile Include="C:\Users\vladislav-b\Desktop\MPI-main\MPI-main\source\xlsxdocpropsapp.cpp">
      <Filter>Source Files</Filter>
    </ClCompile>
    <ClCompile Include="C:\Users\vladislav-b\Desktop\MPI-main\MPI-main\source\xlsxmediafile.cpp">
      <Filter>Source Files</Filter>
    </ClCompile>
    <ClCompile Include="C:\Users\vladislav-b\Desktop\MPI-main\MPI-main\source\xlsxstyles.cpp">
      <Filter>Source Files</Filter>
    </ClCompile>
    <ClCompile Include="C:\Users\vladislav-b\Desktop\MPI-main\MPI-main\source\xlsxzipwriter.cpp">
      <Filter>Source Files</Filter>
    </ClCompile>
    <ClCompile Include="C:\Users\vladislav-b\Desktop\MPI-main\MPI-main\source\xlsxcellformula.cpp">
      <Filter>Source Files</Filter>
    </ClCompile>
    <ClCompile Include="C:\Users\vladislav-b\Desktop\MPI-main\MPI-main\source\xlsxcolor.cpp">
      <Filter>Source Files</Filter>
    </ClCompile>
    <ClCompile Include="C:\Users\vladislav-b\Desktop\MPI-main\MPI-main\source\xlsxdocpropscore.cpp">
      <Filter>Source Files</Filter>
    </ClCompile>
    <ClCompile Include="C:\Users\vladislav-b\Desktop\MPI-main\MPI-main\source\xlsxnumformatparser.cpp">
      <Filter>Source Files</Filter>
    </ClCompile>
    <ClCompile Include="C:\Users\vladislav-b\Desktop\MPI-main\MPI-main\source\xlsxtheme.cpp">
      <Filter>Source Files</Filter>
    </ClCompile>
    <ClCompile Include="C:\Users\vladislav-b\Desktop\MPI-main\MPI-main\source\xlsxcelllocation.cpp">
      <Filter>Source Files</Filter>
    </ClCompile>
    <ClCompile Include="C:\Users\vladislav-b\Desktop\MPI-main\MPI-main\source\xlsxconditionalformatting.cpp">
      <Filter>Source Files</Filter>
    </ClCompile>
    <ClCompile Include="C:\Users\vladislav-b\Desktop\MPI-main\MPI-main\source\xlsxdocument.cpp">
      <Filter>Source Files</Filter>
    </ClCompile>
    <ClCompile Include="C:\Users\vladislav-b\Desktop\MPI-main\MPI-main\source\xlsxrelationships.cpp">
      <Filter>Source Files</Filter>
    </ClCompile>
    <ClCompile Include="C:\Users\vladislav-b\Desktop\MPI-main\MPI-main\source\xlsxutility.cpp">
      <Filter>Source Files</Filter>
    </ClCompile>
    <ClCompile Include="C:\Users\vladislav-b\Desktop\MPI-main\MPI-main\QXlsx_autogen\mocs_compilation_Release.cpp">
      <Filter>Source Files</Filter>
    </ClCompile>
    <ClCompile Include="C:\Users\vladislav-b\Desktop\MPI-main\MPI-main\QXlsx_autogen\mocs_compilation_MinSizeRel.cpp">
      <Filter>Source Files</Filter>
    </ClCompile>
    <ClCompile Include="C:\Users\vladislav-b\Desktop\MPI-main\MPI-main\QXlsx_autogen\mocs_compilation_RelWithDebInfo.cpp">
      <Filter>Source Files</Filter>
    </ClCompile>
  </ItemGroup>
  <ItemGroup>
    <ClInclude Include="C:\Users\vladislav-b\Desktop\MPI-main\MPI-main\header\xlsxabstractooxmlfile_p.h">
      <Filter>Header Files</Filter>
    </ClInclude>
    <ClInclude Include="C:\Users\vladislav-b\Desktop\MPI-main\MPI-main\header\xlsxchartsheet_p.h">
      <Filter>Header Files</Filter>
    </ClInclude>
    <ClInclude Include="C:\Users\vladislav-b\Desktop\MPI-main\MPI-main\header\xlsxdocpropsapp_p.h">
      <Filter>Header Files</Filter>
    </ClInclude>
    <ClInclude Include="C:\Users\vladislav-b\Desktop\MPI-main\MPI-main\header\xlsxformat_p.h">
      <Filter>Header Files</Filter>
    </ClInclude>
    <ClInclude Include="C:\Users\vladislav-b\Desktop\MPI-main\MPI-main\header\xlsxsharedstrings_p.h">
      <Filter>Header Files</Filter>
    </ClInclude>
    <ClInclude Include="C:\Users\vladislav-b\Desktop\MPI-main\MPI-main\header\xlsxworkbook_p.h">
      <Filter>Header Files</Filter>
    </ClInclude>
    <ClInclude Include="C:\Users\vladislav-b\Desktop\MPI-main\MPI-main\header\xlsxabstractsheet_p.h">
      <Filter>Header Files</Filter>
    </ClInclude>
    <ClInclude Include="C:\Users\vladislav-b\Desktop\MPI-main\MPI-main\header\xlsxcolor_p.h">
      <Filter>Header Files</Filter>
    </ClInclude>
    <ClInclude Include="C:\Users\vladislav-b\Desktop\MPI-main\MPI-main\header\xlsxdocpropscore_p.h">
      <Filter>Header Files</Filter>
    </ClInclude>
    <ClInclude Include="C:\Users\vladislav-b\Desktop\MPI-main\MPI-main\header\xlsxmediafile_p.h">
      <Filter>Header Files</Filter>
    </ClInclude>
    <ClInclude Include="C:\Users\vladislav-b\Desktop\MPI-main\MPI-main\header\xlsxsimpleooxmlfile_p.h">
      <Filter>Header Files</Filter>
    </ClInclude>
    <ClInclude Include="C:\Users\vladislav-b\Desktop\MPI-main\MPI-main\header\xlsxworksheet_p.h">
      <Filter>Header Files</Filter>
    </ClInclude>
    <ClInclude Include="C:\Users\vladislav-b\Desktop\MPI-main\MPI-main\header\xlsxcellformula_p.h">
      <Filter>Header Files</Filter>
    </ClInclude>
    <ClInclude Include="C:\Users\vladislav-b\Desktop\MPI-main\MPI-main\header\xlsxconditionalformatting_p.h">
      <Filter>Header Files</Filter>
    </ClInclude>
    <ClInclude Include="C:\Users\vladislav-b\Desktop\MPI-main\MPI-main\header\xlsxdocument_p.h">
      <Filter>Header Files</Filter>
    </ClInclude>
    <ClInclude Include="C:\Users\vladislav-b\Desktop\MPI-main\MPI-main\header\xlsxnumformatparser_p.h">
      <Filter>Header Files</Filter>
    </ClInclude>
    <ClInclude Include="C:\Users\vladislav-b\Desktop\MPI-main\MPI-main\header\xlsxstyles_p.h">
      <Filter>Header Files</Filter>
    </ClInclude>
    <ClInclude Include="C:\Users\vladislav-b\Desktop\MPI-main\MPI-main\header\xlsxzipreader_p.h">
      <Filter>Header Files</Filter>
    </ClInclude>
    <ClInclude Include="C:\Users\vladislav-b\Desktop\MPI-main\MPI-main\header\xlsxcell_p.h">
      <Filter>Header Files</Filter>
    </ClInclude>
    <ClInclude Include="C:\Users\vladislav-b\Desktop\MPI-main\MPI-main\header\xlsxcontenttypes_p.h">
      <Filter>Header Files</Filter>
    </ClInclude>
    <ClInclude Include="C:\Users\vladislav-b\Desktop\MPI-main\MPI-main\header\xlsxdrawinganchor_p.h">
      <Filter>Header Files</Filter>
    </ClInclude>
    <ClInclude Include="C:\Users\vladislav-b\Desktop\MPI-main\MPI-main\header\xlsxrelationships_p.h">
      <Filter>Header Files</Filter>
    </ClInclude>
    <ClInclude Include="C:\Users\vladislav-b\Desktop\MPI-main\MPI-main\header\xlsxtheme_p.h">
      <Filter>Header Files</Filter>
    </ClInclude>
    <ClInclude Include="C:\Users\vladislav-b\Desktop\MPI-main\MPI-main\header\xlsxzipwriter_p.h">
      <Filter>Header Files</Filter>
    </ClInclude>
    <ClInclude Include="C:\Users\vladislav-b\Desktop\MPI-main\MPI-main\header\xlsxchart_p.h">
      <Filter>Header Files</Filter>
    </ClInclude>
    <ClInclude Include="C:\Users\vladislav-b\Desktop\MPI-main\MPI-main\header\xlsxdatavalidation_p.h">
      <Filter>Header Files</Filter>
    </ClInclude>
    <ClInclude Include="C:\Users\vladislav-b\Desktop\MPI-main\MPI-main\header\xlsxdrawing_p.h">
      <Filter>Header Files</Filter>
    </ClInclude>
    <ClInclude Include="C:\Users\vladislav-b\Desktop\MPI-main\MPI-main\header\xlsxrichstring_p.h">
      <Filter>Header Files</Filter>
    </ClInclude>
    <ClInclude Include="C:\Users\vladislav-b\Desktop\MPI-main\MPI-main\header\xlsxutility_p.h">
      <Filter>Header Files</Filter>
    </ClInclude>
    <ClInclude Include="C:\Users\vladislav-b\Desktop\MPI-main\MPI-main\header\xlsxabstractooxmlfile.h">
      <Filter>Header Files</Filter>
    </ClInclude>
    <ClInclude Include="C:\Users\vladislav-b\Desktop\MPI-main\MPI-main\header\xlsxabstractsheet.h">
      <Filter>Header Files</Filter>
    </ClInclude>
    <ClInclude Include="C:\Users\vladislav-b\Desktop\MPI-main\MPI-main\header\xlsxcellformula.h">
      <Filter>Header Files</Filter>
    </ClInclude>
    <ClInclude Include="C:\Users\vladislav-b\Desktop\MPI-main\MPI-main\header\xlsxcell.h">
      <Filter>Header Files</Filter>
    </ClInclude>
    <ClInclude Include="C:\Users\vladislav-b\Desktop\MPI-main\MPI-main\header\xlsxcelllocation.h">
      <Filter>Header Files</Filter>
    </ClInclude>
    <ClInclude Include="C:\Users\vladislav-b\Desktop\MPI-main\MPI-main\header\xlsxcellrange.h">
      <Filter>Header Files</Filter>
    </ClInclude>
    <ClInclude Include="C:\Users\vladislav-b\Desktop\MPI-main\MPI-main\header\xlsxcellreference.h">
      <Filter>Header Files</Filter>
    </ClInclude>
    <ClInclude Include="C:\Users\vladislav-b\Desktop\MPI-main\MPI-main\header\xlsxchart.h">
      <Filter>Header Files</Filter>
    </ClInclude>
    <ClInclude Include="C:\Users\vladislav-b\Desktop\MPI-main\MPI-main\header\xlsxchartsheet.h">
      <Filter>Header Files</Filter>
    </ClInclude>
    <ClInclude Include="C:\Users\vladislav-b\Desktop\MPI-main\MPI-main\header\xlsxconditionalformatting.h">
      <Filter>Header Files</Filter>
    </ClInclude>
    <ClInclude Include="C:\Users\vladislav-b\Desktop\MPI-main\MPI-main\header\xlsxdatavalidation.h">
      <Filter>Header Files</Filter>
    </ClInclude>
    <ClInclude Include="C:\Users\vladislav-b\Desktop\MPI-main\MPI-main\header\xlsxdatetype.h">
      <Filter>Header Files</Filter>
    </ClInclude>
    <ClInclude Include="C:\Users\vladislav-b\Desktop\MPI-main\MPI-main\header\xlsxdocument.h">
      <Filter>Header Files</Filter>
    </ClInclude>
    <ClInclude Include="C:\Users\vladislav-b\Desktop\MPI-main\MPI-main\header\xlsxformat.h">
      <Filter>Header Files</Filter>
    </ClInclude>
    <ClInclude Include="C:\Users\vladislav-b\Desktop\MPI-main\MPI-main\header\xlsxglobal.h">
      <Filter>Header Files</Filter>
    </ClInclude>
    <ClInclude Include="C:\Users\vladislav-b\Desktop\MPI-main\MPI-main\header\xlsxrichstring.h">
      <Filter>Header Files</Filter>
    </ClInclude>
    <ClInclude Include="C:\Users\vladislav-b\Desktop\MPI-main\MPI-main\header\xlsxworkbook.h">
      <Filter>Header Files</Filter>
    </ClInclude>
    <ClInclude Include="C:\Users\vladislav-b\Desktop\MPI-main\MPI-main\header\xlsxworksheet.h">
      <Filter>Header Files</Filter>
    </ClInclude>
  </ItemGroup>
  <ItemGroup>
    <CustomBuild Include="C:\Users\vladislav-b\Desktop\MPI-main\MPI-main\CMakeLists.txt" />
  </ItemGroup>
  <ItemGroup>
    <Filter Include="Header Files">
      <UniqueIdentifier>{46CDEED7-2E6E-30D7-A155-4FBE132022FA}</UniqueIdentifier>
    </Filter>
    <Filter Include="Source Files">
      <UniqueIdentifier>{6D38F6CE-123A-3795-9326-C83EEB186FD7}</UniqueIdentifier>
    </Filter>
  </ItemGroup>
</Project>
